
Microsoft Visual Studio Solution File, Format Version 12.00
# Visual Studio 14
VisualStudioVersion = 14.0.25420.1
MinimumVisualStudioVersion = 10.0.40219.1
Project("{FAE04EC0-301F-11D3-BF4B-00C04F79EFBC}") = "ConsoleApplication1", "C:\Users\Mari\Documents\Visual Studio 2015\Projects\ConsoleApplication1\ConsoleApplication1\ConsoleApplication1.csproj", "{956D1B59-F836-4806-8346-39D8B1B750A7}"
EndProject
Project("{FAE04EC0-301F-11D3-BF4B-00C04F79EFBC}") = "Database", "D:\TFS\Coursework (Notes)\Notes\Notes\Database\Database.csproj", "{B20BB3DB-C2CA-46C5-8ADA-6C833EF31417}"
EndProject
Global
	GlobalSection(SolutionConfigurationPlatforms) = preSolution
		Debug|Any CPU = Debug|Any CPU
		Release|Any CPU = Release|Any CPU
	EndGlobalSection
	GlobalSection(ProjectConfigurationPlatforms) = postSolution
		{956D1B59-F836-4806-8346-39D8B1B750A7}.Debug|Any CPU.ActiveCfg = Debug|Any CPU
		{956D1B59-F836-4806-8346-39D8B1B750A7}.Debug|Any CPU.Build.0 = Debug|Any CPU
		{956D1B59-F836-4806-8346-39D8B1B750A7}.Release|Any CPU.ActiveCfg = Release|Any CPU
		{956D1B59-F836-4806-8346-39D8B1B750A7}.Release|Any CPU.Build.0 = Release|Any CPU
		{B20BB3DB-C2CA-46C5-8ADA-6C833EF31417}.Debug|Any CPU.ActiveCfg = Debug|Any CPU
		{B20BB3DB-C2CA-46C5-8ADA-6C833EF31417}.Debug|Any CPU.Build.0 = Debug|Any CPU
		{B20BB3DB-C2CA-46C5-8ADA-6C833EF31417}.Release|Any CPU.ActiveCfg = Release|Any CPU
		{B20BB3DB-C2CA-46C5-8ADA-6C833EF31417}.Release|Any CPU.Build.0 = Release|Any CPU
	EndGlobalSection
	GlobalSection(SolutionProperties) = preSolution
		HideSolutionNode = FALSE
	EndGlobalSection
EndGlobal
