
Microsoft Visual Studio Solution File, Format Version 12.00
# Visual Studio 14
VisualStudioVersion = 14.0.25420.1
MinimumVisualStudioVersion = 10.0.40219.1
Project("{FAE04EC0-301F-11D3-BF4B-00C04F79EFBC}") = "Presentation", "Presentation\Presentation.csproj", "{BF51C8C3-88B0-4322-87E5-EA80771ED841}"
EndProject
Project("{FAE04EC0-301F-11D3-BF4B-00C04F79EFBC}") = "Logic", "Logic\Logic.csproj", "{94502B08-4094-4258-A120-B5D816899440}"
EndProject
Project("{FAE04EC0-301F-11D3-BF4B-00C04F79EFBC}") = "Database", "Database\Database.csproj", "{B20BB3DB-C2CA-46C5-8ADA-6C833EF31417}"
EndProject
Project("{FAE04EC0-301F-11D3-BF4B-00C04F79EFBC}") = "Notebook", "Notebook\Notebook.csproj", "{3A9FFB54-6EB3-4022-829C-8B958540F634}"
EndProject
Global
	GlobalSection(SolutionConfigurationPlatforms) = preSolution
		Debug|Any CPU = Debug|Any CPU
		Release|Any CPU = Release|Any CPU
	EndGlobalSection
	GlobalSection(ProjectConfigurationPlatforms) = postSolution
		{BF51C8C3-88B0-4322-87E5-EA80771ED841}.Debug|Any CPU.ActiveCfg = Debug|Any CPU
		{BF51C8C3-88B0-4322-87E5-EA80771ED841}.Debug|Any CPU.Build.0 = Debug|Any CPU
		{BF51C8C3-88B0-4322-87E5-EA80771ED841}.Release|Any CPU.ActiveCfg = Release|Any CPU
		{BF51C8C3-88B0-4322-87E5-EA80771ED841}.Release|Any CPU.Build.0 = Release|Any CPU
		{94502B08-4094-4258-A120-B5D816899440}.Debug|Any CPU.ActiveCfg = Debug|Any CPU
		{94502B08-4094-4258-A120-B5D816899440}.Debug|Any CPU.Build.0 = Debug|Any CPU
		{94502B08-4094-4258-A120-B5D816899440}.Release|Any CPU.ActiveCfg = Release|Any CPU
		{94502B08-4094-4258-A120-B5D816899440}.Release|Any CPU.Build.0 = Release|Any CPU
		{B20BB3DB-C2CA-46C5-8ADA-6C833EF31417}.Debug|Any CPU.ActiveCfg = Debug|Any CPU
		{B20BB3DB-C2CA-46C5-8ADA-6C833EF31417}.Debug|Any CPU.Build.0 = Debug|Any CPU
		{B20BB3DB-C2CA-46C5-8ADA-6C833EF31417}.Release|Any CPU.ActiveCfg = Release|Any CPU
		{B20BB3DB-C2CA-46C5-8ADA-6C833EF31417}.Release|Any CPU.Build.0 = Release|Any CPU
		{3A9FFB54-6EB3-4022-829C-8B958540F634}.Debug|Any CPU.ActiveCfg = Debug|Any CPU
		{3A9FFB54-6EB3-4022-829C-8B958540F634}.Debug|Any CPU.Build.0 = Debug|Any CPU
		{3A9FFB54-6EB3-4022-829C-8B958540F634}.Release|Any CPU.ActiveCfg = Release|Any CPU
		{3A9FFB54-6EB3-4022-829C-8B958540F634}.Release|Any CPU.Build.0 = Release|Any CPU
	EndGlobalSection
	GlobalSection(SolutionProperties) = preSolution
		HideSolutionNode = FALSE
	EndGlobalSection
EndGlobal
